
Microsoft Visual Studio Solution File, Format Version 12.00
# Visual Studio Version 16
VisualStudioVersion = 16.0.33130.400
MinimumVisualStudioVersion = 10.0.40219.1
Project("{FAE04EC0-301F-11D3-BF4B-00C04F79EFBC}") = "ToyStore", "ToyStore\ToyStore.csproj", "{68E010D9-18C9-4ABA-8736-E138125AAD7F}"
EndProject
Global
	GlobalSection(SolutionConfigurationPlatforms) = preSolution
		Debug|Any CPU = Debug|Any CPU
		Release|Any CPU = Release|Any CPU
	EndGlobalSection
	GlobalSection(ProjectConfigurationPlatforms) = postSolution
		{68E010D9-18C9-4ABA-8736-E138125AAD7F}.Debug|Any CPU.ActiveCfg = Debug|Any CPU
		{68E010D9-18C9-4ABA-8736-E138125AAD7F}.Debug|Any CPU.Build.0 = Debug|Any CPU
		{68E010D9-18C9-4ABA-8736-E138125AAD7F}.Release|Any CPU.ActiveCfg = Release|Any CPU
		{68E010D9-18C9-4ABA-8736-E138125AAD7F}.Release|Any CPU.Build.0 = Release|Any CPU
	EndGlobalSection
	GlobalSection(SolutionProperties) = preSolution
		HideSolutionNode = FALSE
	EndGlobalSection
	GlobalSection(ExtensibilityGlobals) = postSolution
		SolutionGuid = {F580FE39-CDA2-4B27-9AE5-A754B4BF8740}
	EndGlobalSection
EndGlobal
